// !$*UTF8*$!
{
	archiveVersion = 1;
	classes = {
	};
	objectVersion = 46;
	objects = {

/* Begin PBXBuildFile section */
		6997FB031F0A7FE400E81200 /* AppDelegate.swift in Sources */ = {isa = PBXBuildFile; fileRef = 6997FB021F0A7FE400E81200 /* AppDelegate.swift */; };
		6997FB051F0A7FE400E81200 /* ViewController.swift in Sources */ = {isa = PBXBuildFile; fileRef = 6997FB041F0A7FE400E81200 /* ViewController.swift */; };
		6997FB081F0A7FE400E81200 /* Main.storyboard in Resources */ = {isa = PBXBuildFile; fileRef = 6997FB061F0A7FE400E81200 /* Main.storyboard */; };
		6997FB0A1F0A7FE400E81200 /* Assets.xcassets in Resources */ = {isa = PBXBuildFile; fileRef = 6997FB091F0A7FE400E81200 /* Assets.xcassets */; };
		6997FB0D1F0A7FE400E81200 /* LaunchScreen.storyboard in Resources */ = {isa = PBXBuildFile; fileRef = 6997FB0B1F0A7FE400E81200 /* LaunchScreen.storyboard */; };
		6997FB161F0BB54E00E81200 /* Cars.mlmodel in Resources */ = {isa = PBXBuildFile; fileRef = 6997FB151F0BB54E00E81200 /* Cars.mlmodel */; };
/* End PBXBuildFile section */

/* Begin PBXFileReference section */
		6997FAFF1F0A7FE400E81200 /* car-machine-learning.app */ = {isa = PBXFileReference; explicitFileType = wrapper.application; includeInIndex = 0; path = "car-machine-learning.app"; sourceTree = BUILT_PRODUCTS_DIR; };
		6997FB021F0A7FE400E81200 /* AppDelegate.swift */ = {isa = PBXFileReference; lastKnownFileType = sourcecode.swift; path = AppDelegate.swift; sourceTree = "<group>"; };
		6997FB041F0A7FE400E81200 /* ViewController.swift */ = {isa = PBXFileReference; lastKnownFileType = sourcecode.swift; path = ViewController.swift; sourceTree = "<group>"; };
		6997FB071F0A7FE400E81200 /* Base */ = {isa = PBXFileReference; lastKnownFileType = file.storyboard; name = Base; path = Base.lproj/Main.storyboard; sourceTree = "<group>"; };
		6997FB091F0A7FE400E81200 /* Assets.xcassets */ = {isa = PBXFileReference; lastKnownFileType = folder.assetcatalog; path = Assets.xcassets; sourceTree = "<group>"; };
		6997FB0C1F0A7FE400E81200 /* Base */ = {isa = PBXFileReference; lastKnownFileType = file.storyboard; name = Base; path = Base.lproj/LaunchScreen.storyboard; sourceTree = "<group>"; };
		6997FB0E1F0A7FE400E81200 /* Info.plist */ = {isa = PBXFileReference; lastKnownFileType = text.plist.xml; path = Info.plist; sourceTree = "<group>"; };
		6997FB151F0BB54E00E81200 /* Cars.mlmodel */ = {isa = PBXFileReference; lastKnownFileType = file; path = Cars.mlmodel; sourceTree = "<group>"; };
/* End PBXFileReference section */

/* Begin PBXFrameworksBuildPhase section */
		6997FAFC1F0A7FE400E81200 /* Frameworks */ = {
			isa = PBXFrameworksBuildPhase;
			buildActionMask = 2147483647;
			files = (
			);
			runOnlyForDeploymentPostprocessing = 0;
		};
/* End PBXFrameworksBuildPhase section */

/* Begin PBXGroup section */
		6997FAF61F0A7FE400E81200 = {
			isa = PBXGroup;
			children = (
				6997FB011F0A7FE400E81200 /* car-machine-learning */,
				6997FB001F0A7FE400E81200 /* Products */,
			);
			sourceTree = "<group>";
		};
		6997FB001F0A7FE400E81200 /* Products */ = {
			isa = PBXGroup;
			children = (
				6997FAFF1F0A7FE400E81200 /* car-machine-learning.app */,
			);
			name = Products;
			sourceTree = "<group>";
		};
		6997FB011F0A7FE400E81200 /* car-machine-learning */ = {
			isa = PBXGroup;
			children = (
				6997FB151F0BB54E00E81200 /* Cars.mlmodel */,
				6997FB021F0A7FE400E81200 /* AppDelegate.swift */,
				6997FB041F0A7FE400E81200 /* ViewController.swift */,
				6997FB061F0A7FE400E81200 /* Main.storyboard */,
				6997FB091F0A7FE400E81200 /* Assets.xcassets */,
				6997FB0B1F0A7FE400E81200 /* LaunchScreen.storyboard */,
				6997FB0E1F0A7FE400E81200 /* Info.plist */,
			);
			path = "car-machine-learning";
			sourceTree = "<group>";
		};
/* End PBXGroup section */

/* Begin PBXNativeTarget section */
		6997FAFE1F0A7FE400E81200 /* car-machine-learning */ = {
			isa = PBXNativeTarget;
			buildConfigurationList = 6997FB111F0A7FE400E81200 /* Build configuration list for PBXNativeTarget "car-machine-learning" */;
			buildPhases = (
				6997FAFB1F0A7FE400E81200 /* Sources */,
				6997FAFC1F0A7FE400E81200 /* Frameworks */,
				6997FAFD1F0A7FE400E81200 /* Resources */,
			);
			buildRules = (
			);
			dependencies = (
			);
			name = "car-machine-learning";
			productName = "car-machine-learning";
			productReference = 6997FAFF1F0A7FE400E81200 /* car-machine-learning.app */;
			productType = "com.apple.product-type.application";
		};
/* End PBXNativeTarget section */

/* Begin PBXProject section */
		6997FAF71F0A7FE400E81200 /* Project object */ = {
			isa = PBXProject;
			attributes = {
				LastSwiftUpdateCheck = 0830;
				LastUpgradeCheck = 0830;
				ORGANIZATIONNAME = Kenkozu;
				TargetAttributes = {
					6997FAFE1F0A7FE400E81200 = {
						CreatedOnToolsVersion = 8.3.3;
						ProvisioningStyle = Automatic;
					};
				};
			};
			buildConfigurationList = 6997FAFA1F0A7FE400E81200 /* Build configuration list for PBXProject "car-machine-learning" */;
			compatibilityVersion = "Xcode 3.2";
			developmentRegion = English;
			hasScannedForEncodings = 0;
			knownRegions = (
				en,
				Base,
			);
			mainGroup = 6997FAF61F0A7FE400E81200;
			productRefGroup = 6997FB001F0A7FE400E81200 /* Products */;
			projectDirPath = "";
			projectRoot = "";
			targets = (
				6997FAFE1F0A7FE400E81200 /* car-machine-learning */,
			);
		};
/* End PBXProject section */

/* Begin PBXResourcesBuildPhase section */
		6997FAFD1F0A7FE400E81200 /* Resources */ = {
			isa = PBXResourcesBuildPhase;
			buildActionMask = 2147483647;
			files = (
				6997FB0D1F0A7FE400E81200 /* LaunchScreen.storyboard in Resources */,
				6997FB161F0BB54E00E81200 /* Cars.mlmodel in Resources */,
				6997FB0A1F0A7FE400E81200 /* Assets.xcassets in Resources */,
				6997FB081F0A7FE400E81200 /* Main.storyboard in Resources */,
			);
			runOnlyForDeploymentPostprocessing = 0;
		};
/* End PBXResourcesBuildPhase section */

/* Begin PBXSourcesBuildPhase section */
		6997FAFB1F0A7FE400E81200 /* Sources */ = {
			isa = PBXSourcesBuildPhase;
			buildActionMask = 2147483647;
			files = (
				6997FB051F0A7FE400E81200 /* ViewController.swift in Sources */,
				6997FB031F0A7FE400E81200 /* AppDelegate.swift in Sources */,
			);
			runOnlyForDeploymentPostprocessing = 0;
		};
/* End PBXSourcesBuildPhase section */

/* Begin PBXVariantGroup section */
		6997FB061F0A7FE400E81200 /* Main.storyboard */ = {
			isa = PBXVariantGroup;
			children = (
				6997FB071F0A7FE400E81200 /* Base */,
			);
			name = Main.storyboard;
			sourceTree = "<group>";
		};
		6997FB0B1F0A7FE400E81200 /* LaunchScreen.storyboard */ = {
			isa = PBXVariantGroup;
			children = (
				6997FB0C1F0A7FE400E81200 /* Base */,
			);
			name = LaunchScreen.storyboard;
			sourceTree = "<group>";
		};
/* End PBXVariantGroup section */

/* Begin XCBuildConfiguration section */
		6997FB0F1F0A7FE400E81200 /* Debug */ = {
			isa = XCBuildConfiguration;
			buildSettings = {
				ALWAYS_SEARCH_USER_PATHS = NO;
				CLANG_ANALYZER_NONNULL = YES;
				CLANG_ANALYZER_NUMBER_OBJECT_CONVERSION = YES_AGGRESSIVE;
				CLANG_CXX_LANGUAGE_STANDARD = "gnu++0x";
				CLANG_CXX_LIBRARY = "libc++";
				CLANG_ENABLE_MODULES = YES;
				CLANG_ENABLE_OBJC_ARC = YES;
				CLANG_WARN_BOOL_CONVERSION = YES;
				CLANG_WARN_CONSTANT_CONVERSION = YES;
				CLANG_WARN_DIRECT_OBJC_ISA_USAGE = YES_ERROR;
				CLANG_WARN_DOCUMENTATION_COMMENTS = YES;
				CLANG_WARN_EMPTY_BODY = YES;
				CLANG_WARN_ENUM_CONVERSION = YES;
				CLANG_WARN_INFINITE_RECURSION = YES;
				CLANG_WARN_INT_CONVERSION = YES;
				CLANG_WARN_OBJC_ROOT_CLASS = YES_ERROR;
				CLANG_WARN_SUSPICIOUS_MOVE = YES;
				CLANG_WARN_UNREACHABLE_CODE = YES;
				CLANG_WARN__DUPLICATE_METHOD_MATCH = YES;
				"CODE_SIGN_IDENTITY[sdk=iphoneos*]" = "iPhone Developer";
				COPY_PHASE_STRIP = NO;
				DEBUG_INFORMATION_FORMAT = dwarf;
				ENABLE_STRICT_OBJC_MSGSEND = YES;
				ENABLE_TESTABILITY = YES;
				GCC_C_LANGUAGE_STANDARD = gnu99;
				GCC_DYNAMIC_NO_PIC = NO;
				GCC_NO_COMMON_BLOCKS = YES;
				GCC_OPTIMIZATION_LEVEL = 0;
				GCC_PREPROCESSOR_DEFINITIONS = (
					"DEBUG=1",
					"$(inherited)",
				);
				GCC_WARN_64_TO_32_BIT_CONVERSION = YES;
				GCC_WARN_ABOUT_RETURN_TYPE = YES_ERROR;
				GCC_WARN_UNDECLARED_SELECTOR = YES;
				GCC_WARN_UNINITIALIZED_AUTOS = YES_AGGRESSIVE;
				GCC_WARN_UNUSED_FUNCTION = YES;
				GCC_WARN_UNUSED_VARIABLE = YES;
				IPHONEOS_DEPLOYMENT_TARGET = 10.3;
				MTL_ENABLE_DEBUG_INFO = YES;
				ONLY_ACTIVE_ARCH = YES;
				SDKROOT = iphoneos;
				SWIFT_ACTIVE_COMPILATION_CONDITIONS = DEBUG;
				SWIFT_OPTIMIZATION_LEVEL = "-Onone";
			};
			name = Debug;
		};
		6997FB101F0A7FE400E81200 /* Release */ = {
			isa = XCBuildConfiguration;
			buildSettings = {
				ALWAYS_SEARCH_USER_PATHS = NO;
				CLANG_ANALYZER_NONNULL = YES;
				CLANG_ANALYZER_NUMBER_OBJECT_CONVERSION = YES_AGGRESSIVE;
				CLANG_CXX_LANGUAGE_STANDARD = "gnu++0x";
				CLANG_CXX_LIBRARY = "libc++";
				CLANG_ENABLE_MODULES = YES;
				CLANG_ENABLE_OBJC_ARC = YES;
				CLANG_WARN_BOOL_CONVERSION = YES;
				CLANG_WARN_CONSTANT_CONVERSION = YES;
				CLANG_WARN_DIRECT_OBJC_ISA_USAGE = YES_ERROR;
				CLANG_WARN_DOCUMENTATION_COMMENTS = YES;
				CLANG_WARN_EMPTY_BODY = YES;
				CLANG_WARN_ENUM_CONVERSION = YES;
				CLANG_WARN_INFINITE_RECURSION = YES;
				CLANG_WARN_INT_CONVERSION = YES;
				CLANG_WARN_OBJC_ROOT_CLASS = YES_ERROR;
				CLANG_WARN_SUSPICIOUS_MOVE = YES;
				CLANG_WARN_UNREACHABLE_CODE = YES;
				CLANG_WARN__DUPLICATE_METHOD_MATCH = YES;
				"CODE_SIGN_IDENTITY[sdk=iphoneos*]" = "iPhone Developer";
				COPY_PHASE_STRIP = NO;
				DEBUG_INFORMATION_FORMAT = "dwarf-with-dsym";
				ENABLE_NS_ASSERTIONS = NO;
				ENABLE_STRICT_OBJC_MSGSEND = YES;
				GCC_C_LANGUAGE_STANDARD = gnu99;
				GCC_NO_COMMON_BLOCKS = YES;
				GCC_WARN_64_TO_32_BIT_CONVERSION = YES;
				GCC_WARN_ABOUT_RETURN_TYPE = YES_ERROR;
				GCC_WARN_UNDECLARED_SELECTOR = YES;
				GCC_WARN_UNINITIALIZED_AUTOS = YES_AGGRESSIVE;
				GCC_WARN_UNUSED_FUNCTION = YES;
				GCC_WARN_UNUSED_VARIABLE = YES;
				IPHONEOS_DEPLOYMENT_TARGET = 10.3;
				MTL_ENABLE_DEBUG_INFO = NO;
				SDKROOT = iphoneos;
				SWIFT_OPTIMIZATION_LEVEL = "-Owholemodule";
				VALIDATE_PRODUCT = YES;
			};
			name = Release;
		};
		6997FB121F0A7FE400E81200 /* Debug */ = {
			isa = XCBuildConfiguration;
			buildSettings = {
				ASSETCATALOG_COMPILER_APPICON_NAME = AppIcon;
				INFOPLIST_FILE = "car-machine-learning/Info.plist";
				LD_RUNPATH_SEARCH_PATHS = "$(inherited) @executable_path/Frameworks";
				PRODUCT_BUNDLE_IDENTIFIER = "com.kenzoku.car-machine-learning";
				PRODUCT_NAME = "$(TARGET_NAME)";
				SWIFT_VERSION = 3.0;
			};
			name = Debug;
		};
		6997FB131F0A7FE400E81200 /* Release */ = {
			isa = XCBuildConfiguration;
			buildSettings = {
				ASSETCATALOG_COMPILER_APPICON_NAME = AppIcon;
				INFOPLIST_FILE = "car-machine-learning/Info.plist";
				LD_RUNPATH_SEARCH_PATHS = "$(inherited) @executable_path/Frameworks";
				PRODUCT_BUNDLE_IDENTIFIER = "com.kenzoku.car-machine-learning";
				PRODUCT_NAME = "$(TARGET_NAME)";
				SWIFT_VERSION = 3.0;
			};
			name = Release;
		};
/* End XCBuildConfiguration section */

/* Begin XCConfigurationList section */
		6997FAFA1F0A7FE400E81200 /* Build configuration list for PBXProject "car-machine-learning" */ = {
			isa = XCConfigurationList;
			buildConfigurations = (
				6997FB0F1F0A7FE400E81200 /* Debug */,
				6997FB101F0A7FE400E81200 /* Release */,
			);
			defaultConfigurationIsVisible = 0;
			defaultConfigurationName = Release;
		};
		6997FB111F0A7FE400E81200 /* Build configuration list for PBXNativeTarget "car-machine-learning" */ = {
			isa = XCConfigurationList;
			buildConfigurations = (
				6997FB121F0A7FE400E81200 /* Debug */,
				6997FB131F0A7FE400E81200 /* Release */,
			);
			defaultConfigurationIsVisible = 0;
		};
/* End XCConfigurationList section */
	};
	rootObject = 6997FAF71F0A7FE400E81200 /* Project object */;
}
